
Microsoft Visual Studio Solution File, Format Version 12.00
# Visual Studio Version 17
VisualStudioVersion = 17.13.35913.81 d17.13
MinimumVisualStudioVersion = 10.0.40219.1
Project("{FAE04EC0-301F-11D3-BF4B-00C04F79EFBC}") = "EwidencjaPojazdów", "EwidencjaPojazdów\EwidencjaPojazdów.csproj", "{CF82E080-C055-4177-BB79-0867B5D9581C}"
EndProject
Global
	GlobalSection(SolutionConfigurationPlatforms) = preSolution
		Debug|Any CPU = Debug|Any CPU
		Release|Any CPU = Release|Any CPU
	EndGlobalSection
	GlobalSection(ProjectConfigurationPlatforms) = postSolution
		{CF82E080-C055-4177-BB79-0867B5D9581C}.Debug|Any CPU.ActiveCfg = Debug|Any CPU
		{CF82E080-C055-4177-BB79-0867B5D9581C}.Debug|Any CPU.Build.0 = Debug|Any CPU
		{CF82E080-C055-4177-BB79-0867B5D9581C}.Release|Any CPU.ActiveCfg = Release|Any CPU
		{CF82E080-C055-4177-BB79-0867B5D9581C}.Release|Any CPU.Build.0 = Release|Any CPU
	EndGlobalSection
	GlobalSection(SolutionProperties) = preSolution
		HideSolutionNode = FALSE
	EndGlobalSection
	GlobalSection(ExtensibilityGlobals) = postSolution
		SolutionGuid = {53667DD9-539A-4BBD-8CEA-5FA52CB758F6}
	EndGlobalSection
EndGlobal
